
Microsoft Visual Studio Solution File, Format Version 12.00
# Visual Studio Version 16
VisualStudioVersion = 16.0.30011.22
MinimumVisualStudioVersion = 10.0.40219.1
Project("{FAE04EC0-301F-11D3-BF4B-00C04F79EFBC}") = "DNC_Student", "DNC_Student\DNC_Student.csproj", "{845556F7-52DA-42E9-8BFF-DD26D8685440}"
EndProject
Project("{54435603-DBB4-11D2-8724-00A0C9A8B90C}") = "DNC_Student_Setup", "DNC_Student_Setup\DNC_Student_Setup.vdproj", "{B82D8373-D558-49CF-B23E-F62269B4BC25}"
EndProject
Global
	GlobalSection(SolutionConfigurationPlatforms) = preSolution
		Debug|Any CPU = Debug|Any CPU
		Release|Any CPU = Release|Any CPU
	EndGlobalSection
	GlobalSection(ProjectConfigurationPlatforms) = postSolution
		{845556F7-52DA-42E9-8BFF-DD26D8685440}.Debug|Any CPU.ActiveCfg = Debug|Any CPU
		{845556F7-52DA-42E9-8BFF-DD26D8685440}.Debug|Any CPU.Build.0 = Debug|Any CPU
		{845556F7-52DA-42E9-8BFF-DD26D8685440}.Release|Any CPU.ActiveCfg = Release|Any CPU
		{845556F7-52DA-42E9-8BFF-DD26D8685440}.Release|Any CPU.Build.0 = Release|Any CPU
		{B82D8373-D558-49CF-B23E-F62269B4BC25}.Debug|Any CPU.ActiveCfg = Debug
		{B82D8373-D558-49CF-B23E-F62269B4BC25}.Release|Any CPU.ActiveCfg = Release
	EndGlobalSection
	GlobalSection(SolutionProperties) = preSolution
		HideSolutionNode = FALSE
	EndGlobalSection
	GlobalSection(ExtensibilityGlobals) = postSolution
		SolutionGuid = {07487AA3-D42C-4A38-AF97-A43C9F625F75}
	EndGlobalSection
EndGlobal
